// !$*UTF8*$!
{
	archiveVersion = 1;
	classes = {
	};
	objectVersion = 50;
	objects = {

/* Begin PBXBuildFile section */
		261E1ED324A48AB600937D89 /* AppDelegate.swift in Sources */ = {isa = PBXBuildFile; fileRef = 261E1ED224A48AB600937D89 /* AppDelegate.swift */; };
		261E1ED524A48AB700937D89 /* SceneDelegate.swift in Sources */ = {isa = PBXBuildFile; fileRef = 261E1ED424A48AB700937D89 /* SceneDelegate.swift */; };
		261E1ED724A48AB700937D89 /* LandingView.swift in Sources */ = {isa = PBXBuildFile; fileRef = 261E1ED624A48AB700937D89 /* LandingView.swift */; };
		261E1ED924A48ABA00937D89 /* Assets.xcassets in Resources */ = {isa = PBXBuildFile; fileRef = 261E1ED824A48ABA00937D89 /* Assets.xcassets */; };
		261E1EDC24A48ABA00937D89 /* Preview Assets.xcassets in Resources */ = {isa = PBXBuildFile; fileRef = 261E1EDB24A48ABA00937D89 /* Preview Assets.xcassets */; };
		261E1EDF24A48ABA00937D89 /* LaunchScreen.storyboard in Resources */ = {isa = PBXBuildFile; fileRef = 261E1EDD24A48ABA00937D89 /* LaunchScreen.storyboard */; };
		261E1EEA24A48ABA00937D89 /* mambaTests.swift in Sources */ = {isa = PBXBuildFile; fileRef = 261E1EE924A48ABA00937D89 /* mambaTests.swift */; };
		261E1EF524A48ABA00937D89 /* mambaUITests.swift in Sources */ = {isa = PBXBuildFile; fileRef = 261E1EF424A48ABA00937D89 /* mambaUITests.swift */; };
		2661E01224BC5F0400D46119 /* PlanningHostCommand.swift in Sources */ = {isa = PBXBuildFile; fileRef = 2661E01124BC5F0400D46119 /* PlanningHostCommand.swift */; };
		2661E01724BC818600D46119 /* SetupSessionCommand.swift in Sources */ = {isa = PBXBuildFile; fileRef = 2661E01624BC818600D46119 /* SetupSessionCommand.swift */; };
		2661E01924BC81CB00D46119 /* PlanningJoinCommand.swift in Sources */ = {isa = PBXBuildFile; fileRef = 2661E01824BC81CB00D46119 /* PlanningJoinCommand.swift */; };
		2661E01D24BC931C00D46119 /* WebSocketHandler.swift in Sources */ = {isa = PBXBuildFile; fileRef = 2661E01C24BC931C00D46119 /* WebSocketHandler.swift */; };
		26772AF624B4A4DC003FB1A4 /* PlanningHostSetupViewModel.swift in Sources */ = {isa = PBXBuildFile; fileRef = 26772AF524B4A4DC003FB1A4 /* PlanningHostSetupViewModel.swift */; };
		26772AFA24B4A66D003FB1A4 /* ClearableTextFieldStyle.swift in Sources */ = {isa = PBXBuildFile; fileRef = 26772AF924B4A66D003FB1A4 /* ClearableTextFieldStyle.swift */; };
		26772AFD24B4AA04003FB1A4 /* ClearButton.swift in Sources */ = {isa = PBXBuildFile; fileRef = 26772AFC24B4AA04003FB1A4 /* ClearButton.swift */; };
		26772B0224B4ACC4003FB1A4 /* ClearableTextField.swift in Sources */ = {isa = PBXBuildFile; fileRef = 26772B0124B4ACC4003FB1A4 /* ClearableTextField.swift */; };
		26772B0424B4ADDF003FB1A4 /* DefaultStyle.swift in Sources */ = {isa = PBXBuildFile; fileRef = 26772B0324B4ADDF003FB1A4 /* DefaultStyle.swift */; };
		26772B0824B4B428003FB1A4 /* PlanningColorScheme.swift in Sources */ = {isa = PBXBuildFile; fileRef = 26772B0724B4B428003FB1A4 /* PlanningColorScheme.swift */; };
		26772B0A24B4B438003FB1A4 /* RetroColorScheme.swift in Sources */ = {isa = PBXBuildFile; fileRef = 26772B0924B4B438003FB1A4 /* RetroColorScheme.swift */; };
		269F530424B83CAA00EEC682 /* MambaNetworking.swift in Sources */ = {isa = PBXBuildFile; fileRef = 269F530324B83CAA00EEC682 /* MambaNetworking.swift */; };
		269F557424BC2D4A00EEC682 /* URLCenter.swift in Sources */ = {isa = PBXBuildFile; fileRef = 269F557324BC2D4A00EEC682 /* URLCenter.swift */; };
		269F557624BC2EF300EEC682 /* URLCenter+Planning.swift in Sources */ = {isa = PBXBuildFile; fileRef = 269F557524BC2EF300EEC682 /* URLCenter+Planning.swift */; };
		269F557924BC300600EEC682 /* NetworkEnvironment.swift in Sources */ = {isa = PBXBuildFile; fileRef = 269F557824BC300600EEC682 /* NetworkEnvironment.swift */; };
		269F557B24BC301600EEC682 /* LocalNetworkEnvironment.swift in Sources */ = {isa = PBXBuildFile; fileRef = 269F557A24BC301600EEC682 /* LocalNetworkEnvironment.swift */; };
		269F557D24BC302500EEC682 /* DevelopmentNetworkEnvironment.swift in Sources */ = {isa = PBXBuildFile; fileRef = 269F557C24BC302500EEC682 /* DevelopmentNetworkEnvironment.swift */; };
		ED38EABF24AE5C4800564F85 /* Array+Extensions.swift in Sources */ = {isa = PBXBuildFile; fileRef = ED38EABE24AE5C4800564F85 /* Array+Extensions.swift */; };
		ED38EACD24AE60A900564F85 /* PlanningHostSetupView.swift in Sources */ = {isa = PBXBuildFile; fileRef = ED38EACC24AE60A800564F85 /* PlanningHostSetupView.swift */; };
		ED38EACF24AE60B300564F85 /* PlanningJoinView.swift in Sources */ = {isa = PBXBuildFile; fileRef = ED38EACE24AE60B300564F85 /* PlanningJoinView.swift */; };
		ED38EAD424AE643500564F85 /* NavigationStack.swift in Sources */ = {isa = PBXBuildFile; fileRef = ED38EAD324AE643500564F85 /* NavigationStack.swift */; };
		ED38EAD624AE64EC00564F85 /* NavigationHost.swift in Sources */ = {isa = PBXBuildFile; fileRef = ED38EAD524AE64EC00564F85 /* NavigationHost.swift */; };
		ED9D447824AE4AEA00034216 /* Localizable.strings in Resources */ = {isa = PBXBuildFile; fileRef = ED9D447724AE4AEA00034216 /* Localizable.strings */; };
		ED9D447B24AE4BEA00034216 /* LandingItem.swift in Sources */ = {isa = PBXBuildFile; fileRef = ED9D447A24AE4BEA00034216 /* LandingItem.swift */; };
		ED9D448324AE4C9100034216 /* LandingViewModel.swift in Sources */ = {isa = PBXBuildFile; fileRef = ED9D448224AE4C9100034216 /* LandingViewModel.swift */; };
		ED9D448524AE4DC800034216 /* LandingItemView.swift in Sources */ = {isa = PBXBuildFile; fileRef = ED9D448424AE4DC800034216 /* LandingItemView.swift */; };
		ED9D448824AE54F800034216 /* ContentView.swift in Sources */ = {isa = PBXBuildFile; fileRef = ED9D448724AE54F800034216 /* ContentView.swift */; };
/* End PBXBuildFile section */

/* Begin PBXContainerItemProxy section */
		261E1EE624A48ABA00937D89 /* PBXContainerItemProxy */ = {
			isa = PBXContainerItemProxy;
			containerPortal = 261E1EC724A48AB600937D89 /* Project object */;
			proxyType = 1;
			remoteGlobalIDString = 261E1ECE24A48AB600937D89;
			remoteInfo = mamba;
		};
		261E1EF124A48ABA00937D89 /* PBXContainerItemProxy */ = {
			isa = PBXContainerItemProxy;
			containerPortal = 261E1EC724A48AB600937D89 /* Project object */;
			proxyType = 1;
			remoteGlobalIDString = 261E1ECE24A48AB600937D89;
			remoteInfo = mamba;
		};
/* End PBXContainerItemProxy section */

/* Begin PBXFileReference section */
		261E1ECF24A48AB600937D89 /* Mamba.app */ = {isa = PBXFileReference; explicitFileType = wrapper.application; includeInIndex = 0; path = Mamba.app; sourceTree = BUILT_PRODUCTS_DIR; };
		261E1ED224A48AB600937D89 /* AppDelegate.swift */ = {isa = PBXFileReference; lastKnownFileType = sourcecode.swift; path = AppDelegate.swift; sourceTree = "<group>"; };
		261E1ED424A48AB700937D89 /* SceneDelegate.swift */ = {isa = PBXFileReference; lastKnownFileType = sourcecode.swift; path = SceneDelegate.swift; sourceTree = "<group>"; };
		261E1ED624A48AB700937D89 /* LandingView.swift */ = {isa = PBXFileReference; lastKnownFileType = sourcecode.swift; path = LandingView.swift; sourceTree = "<group>"; };
		261E1ED824A48ABA00937D89 /* Assets.xcassets */ = {isa = PBXFileReference; lastKnownFileType = folder.assetcatalog; path = Assets.xcassets; sourceTree = "<group>"; };
		261E1EDB24A48ABA00937D89 /* Preview Assets.xcassets */ = {isa = PBXFileReference; lastKnownFileType = folder.assetcatalog; path = "Preview Assets.xcassets"; sourceTree = "<group>"; };
		261E1EDE24A48ABA00937D89 /* Base */ = {isa = PBXFileReference; lastKnownFileType = file.storyboard; name = Base; path = Base.lproj/LaunchScreen.storyboard; sourceTree = "<group>"; };
		261E1EE024A48ABA00937D89 /* Info.plist */ = {isa = PBXFileReference; lastKnownFileType = text.plist.xml; path = Info.plist; sourceTree = "<group>"; };
		261E1EE524A48ABA00937D89 /* mambaTests.xctest */ = {isa = PBXFileReference; explicitFileType = wrapper.cfbundle; includeInIndex = 0; path = mambaTests.xctest; sourceTree = BUILT_PRODUCTS_DIR; };
		261E1EE924A48ABA00937D89 /* mambaTests.swift */ = {isa = PBXFileReference; lastKnownFileType = sourcecode.swift; path = mambaTests.swift; sourceTree = "<group>"; };
		261E1EEB24A48ABA00937D89 /* Info.plist */ = {isa = PBXFileReference; lastKnownFileType = text.plist.xml; path = Info.plist; sourceTree = "<group>"; };
		261E1EF024A48ABA00937D89 /* mambaUITests.xctest */ = {isa = PBXFileReference; explicitFileType = wrapper.cfbundle; includeInIndex = 0; path = mambaUITests.xctest; sourceTree = BUILT_PRODUCTS_DIR; };
		261E1EF424A48ABA00937D89 /* mambaUITests.swift */ = {isa = PBXFileReference; lastKnownFileType = sourcecode.swift; path = mambaUITests.swift; sourceTree = "<group>"; };
		261E1EF624A48ABA00937D89 /* Info.plist */ = {isa = PBXFileReference; lastKnownFileType = text.plist.xml; path = Info.plist; sourceTree = "<group>"; };
		2661E01124BC5F0400D46119 /* PlanningHostCommand.swift */ = {isa = PBXFileReference; lastKnownFileType = sourcecode.swift; path = PlanningHostCommand.swift; sourceTree = "<group>"; };
		2661E01624BC818600D46119 /* SetupSessionCommand.swift */ = {isa = PBXFileReference; lastKnownFileType = sourcecode.swift; path = SetupSessionCommand.swift; sourceTree = "<group>"; };
		2661E01824BC81CB00D46119 /* PlanningJoinCommand.swift */ = {isa = PBXFileReference; lastKnownFileType = sourcecode.swift; path = PlanningJoinCommand.swift; sourceTree = "<group>"; };
		2661E01C24BC931C00D46119 /* WebSocketHandler.swift */ = {isa = PBXFileReference; lastKnownFileType = sourcecode.swift; path = WebSocketHandler.swift; sourceTree = "<group>"; };
		26772AF524B4A4DC003FB1A4 /* PlanningHostSetupViewModel.swift */ = {isa = PBXFileReference; lastKnownFileType = sourcecode.swift; name = PlanningHostSetupViewModel.swift; path = mamba/Planning/Host/Setup/ViewModels/PlanningHostSetupViewModel.swift; sourceTree = SOURCE_ROOT; };
		26772AF924B4A66D003FB1A4 /* ClearableTextFieldStyle.swift */ = {isa = PBXFileReference; lastKnownFileType = sourcecode.swift; path = ClearableTextFieldStyle.swift; sourceTree = "<group>"; };
		26772AFC24B4AA04003FB1A4 /* ClearButton.swift */ = {isa = PBXFileReference; lastKnownFileType = sourcecode.swift; path = ClearButton.swift; sourceTree = "<group>"; };
		26772B0124B4ACC4003FB1A4 /* ClearableTextField.swift */ = {isa = PBXFileReference; lastKnownFileType = sourcecode.swift; path = ClearableTextField.swift; sourceTree = "<group>"; };
		26772B0324B4ADDF003FB1A4 /* DefaultStyle.swift */ = {isa = PBXFileReference; lastKnownFileType = sourcecode.swift; path = DefaultStyle.swift; sourceTree = "<group>"; };
		26772B0724B4B428003FB1A4 /* PlanningColorScheme.swift */ = {isa = PBXFileReference; lastKnownFileType = sourcecode.swift; path = PlanningColorScheme.swift; sourceTree = "<group>"; };
		26772B0924B4B438003FB1A4 /* RetroColorScheme.swift */ = {isa = PBXFileReference; lastKnownFileType = sourcecode.swift; path = RetroColorScheme.swift; sourceTree = "<group>"; };
		269F530324B83CAA00EEC682 /* MambaNetworking.swift */ = {isa = PBXFileReference; lastKnownFileType = sourcecode.swift; path = MambaNetworking.swift; sourceTree = "<group>"; };
		269F557324BC2D4A00EEC682 /* URLCenter.swift */ = {isa = PBXFileReference; lastKnownFileType = sourcecode.swift; path = URLCenter.swift; sourceTree = "<group>"; };
		269F557524BC2EF300EEC682 /* URLCenter+Planning.swift */ = {isa = PBXFileReference; lastKnownFileType = sourcecode.swift; path = "URLCenter+Planning.swift"; sourceTree = "<group>"; };
		269F557824BC300600EEC682 /* NetworkEnvironment.swift */ = {isa = PBXFileReference; lastKnownFileType = sourcecode.swift; path = NetworkEnvironment.swift; sourceTree = "<group>"; };
		269F557A24BC301600EEC682 /* LocalNetworkEnvironment.swift */ = {isa = PBXFileReference; lastKnownFileType = sourcecode.swift; path = LocalNetworkEnvironment.swift; sourceTree = "<group>"; };
		269F557C24BC302500EEC682 /* DevelopmentNetworkEnvironment.swift */ = {isa = PBXFileReference; lastKnownFileType = sourcecode.swift; path = DevelopmentNetworkEnvironment.swift; sourceTree = "<group>"; };
		ED38EABE24AE5C4800564F85 /* Array+Extensions.swift */ = {isa = PBXFileReference; lastKnownFileType = sourcecode.swift; path = "Array+Extensions.swift"; sourceTree = "<group>"; };
		ED38EACC24AE60A800564F85 /* PlanningHostSetupView.swift */ = {isa = PBXFileReference; lastKnownFileType = sourcecode.swift; path = PlanningHostSetupView.swift; sourceTree = "<group>"; };
		ED38EACE24AE60B300564F85 /* PlanningJoinView.swift */ = {isa = PBXFileReference; lastKnownFileType = sourcecode.swift; path = PlanningJoinView.swift; sourceTree = "<group>"; };
		ED38EAD324AE643500564F85 /* NavigationStack.swift */ = {isa = PBXFileReference; lastKnownFileType = sourcecode.swift; path = NavigationStack.swift; sourceTree = "<group>"; };
		ED38EAD524AE64EC00564F85 /* NavigationHost.swift */ = {isa = PBXFileReference; lastKnownFileType = sourcecode.swift; path = NavigationHost.swift; sourceTree = "<group>"; };
		ED9D447724AE4AEA00034216 /* Localizable.strings */ = {isa = PBXFileReference; lastKnownFileType = text.plist.strings; path = Localizable.strings; sourceTree = "<group>"; };
		ED9D447A24AE4BEA00034216 /* LandingItem.swift */ = {isa = PBXFileReference; lastKnownFileType = sourcecode.swift; path = LandingItem.swift; sourceTree = "<group>"; };
		ED9D448224AE4C9100034216 /* LandingViewModel.swift */ = {isa = PBXFileReference; lastKnownFileType = sourcecode.swift; path = LandingViewModel.swift; sourceTree = "<group>"; };
		ED9D448424AE4DC800034216 /* LandingItemView.swift */ = {isa = PBXFileReference; lastKnownFileType = sourcecode.swift; path = LandingItemView.swift; sourceTree = "<group>"; };
		ED9D448724AE54F800034216 /* ContentView.swift */ = {isa = PBXFileReference; lastKnownFileType = sourcecode.swift; path = ContentView.swift; sourceTree = "<group>"; };
/* End PBXFileReference section */

/* Begin PBXFrameworksBuildPhase section */
		261E1ECC24A48AB600937D89 /* Frameworks */ = {
			isa = PBXFrameworksBuildPhase;
			buildActionMask = 2147483647;
			files = (
			);
			runOnlyForDeploymentPostprocessing = 0;
		};
		261E1EE224A48ABA00937D89 /* Frameworks */ = {
			isa = PBXFrameworksBuildPhase;
			buildActionMask = 2147483647;
			files = (
			);
			runOnlyForDeploymentPostprocessing = 0;
		};
		261E1EED24A48ABA00937D89 /* Frameworks */ = {
			isa = PBXFrameworksBuildPhase;
			buildActionMask = 2147483647;
			files = (
			);
			runOnlyForDeploymentPostprocessing = 0;
		};
/* End PBXFrameworksBuildPhase section */

/* Begin PBXGroup section */
		26018A2224B49C2300C8B268 /* Setup */ = {
			isa = PBXGroup;
			children = (
				ED38EAC424AE606B00564F85 /* Views */,
				ED38EAC524AE606F00564F85 /* ViewModels */,
			);
			path = Setup;
			sourceTree = "<group>";
		};
		261E1EC624A48AB600937D89 = {
			isa = PBXGroup;
			children = (
				261E1ED124A48AB600937D89 /* mamba */,
				261E1EE824A48ABA00937D89 /* mambaTests */,
				261E1EF324A48ABA00937D89 /* mambaUITests */,
				261E1ED024A48AB600937D89 /* Products */,
			);
			sourceTree = "<group>";
		};
		261E1ED024A48AB600937D89 /* Products */ = {
			isa = PBXGroup;
			children = (
				261E1ECF24A48AB600937D89 /* Mamba.app */,
				261E1EE524A48ABA00937D89 /* mambaTests.xctest */,
				261E1EF024A48ABA00937D89 /* mambaUITests.xctest */,
			);
			name = Products;
			sourceTree = "<group>";
		};
		261E1ED124A48AB600937D89 /* mamba */ = {
			isa = PBXGroup;
			children = (
				26772B0524B4B407003FB1A4 /* Styling */,
				ED9D447924AE4BDB00034216 /* Landing */,
				ED38EAC124AE604300564F85 /* Planning */,
				ED38EABD24AE5C3800564F85 /* Extensions */,
				ED38EAD024AE640600564F85 /* Navigation */,
				269F530224B83C9900EEC682 /* Networking */,
				261E1ED224A48AB600937D89 /* AppDelegate.swift */,
				261E1ED424A48AB700937D89 /* SceneDelegate.swift */,
				ED9D448724AE54F800034216 /* ContentView.swift */,
				261E1EDD24A48ABA00937D89 /* LaunchScreen.storyboard */,
				261E1EE024A48ABA00937D89 /* Info.plist */,
				261E1EDA24A48ABA00937D89 /* Preview Content */,
				ED9D448624AE51F600034216 /* Resources */,
			);
			path = mamba;
			sourceTree = "<group>";
		};
		261E1EDA24A48ABA00937D89 /* Preview Content */ = {
			isa = PBXGroup;
			children = (
				261E1EDB24A48ABA00937D89 /* Preview Assets.xcassets */,
			);
			path = "Preview Content";
			sourceTree = "<group>";
		};
		261E1EE824A48ABA00937D89 /* mambaTests */ = {
			isa = PBXGroup;
			children = (
				261E1EE924A48ABA00937D89 /* mambaTests.swift */,
				261E1EEB24A48ABA00937D89 /* Info.plist */,
			);
			path = mambaTests;
			sourceTree = "<group>";
		};
		261E1EF324A48ABA00937D89 /* mambaUITests */ = {
			isa = PBXGroup;
			children = (
				261E1EF424A48ABA00937D89 /* mambaUITests.swift */,
				261E1EF624A48ABA00937D89 /* Info.plist */,
			);
			path = mambaUITests;
			sourceTree = "<group>";
		};
		2661E01024BC5ED500D46119 /* Commands */ = {
			isa = PBXGroup;
			children = (
				2661E01124BC5F0400D46119 /* PlanningHostCommand.swift */,
				2661E01824BC81CB00D46119 /* PlanningJoinCommand.swift */,
				2661E01324BC5FF000D46119 /* Models */,
			);
			path = Commands;
			sourceTree = "<group>";
		};
		2661E01324BC5FF000D46119 /* Models */ = {
			isa = PBXGroup;
			children = (
				2661E01624BC818600D46119 /* SetupSessionCommand.swift */,
			);
			path = Models;
			sourceTree = "<group>";
		};
		26772AF724B4A5C9003FB1A4 /* Components */ = {
			isa = PBXGroup;
			children = (
				26772AFE24B4AA68003FB1A4 /* TextField */,
				26772AFB24B4A9F3003FB1A4 /* ViewModifiers */,
				26772AF824B4A660003FB1A4 /* Styles */,
			);
			path = Components;
			sourceTree = "<group>";
		};
		26772AF824B4A660003FB1A4 /* Styles */ = {
			isa = PBXGroup;
			children = (
				26772AF924B4A66D003FB1A4 /* ClearableTextFieldStyle.swift */,
			);
			path = Styles;
			sourceTree = "<group>";
		};
		26772AFB24B4A9F3003FB1A4 /* ViewModifiers */ = {
			isa = PBXGroup;
			children = (
				26772AFC24B4AA04003FB1A4 /* ClearButton.swift */,
			);
			path = ViewModifiers;
			sourceTree = "<group>";
		};
		26772AFE24B4AA68003FB1A4 /* TextField */ = {
			isa = PBXGroup;
			children = (
				26772B0124B4ACC4003FB1A4 /* ClearableTextField.swift */,
			);
			path = TextField;
			sourceTree = "<group>";
		};
		26772B0524B4B407003FB1A4 /* Styling */ = {
			isa = PBXGroup;
			children = (
				26772B0624B4B414003FB1A4 /* Colors */,
				26772AF724B4A5C9003FB1A4 /* Components */,
			);
			path = Styling;
			sourceTree = "<group>";
		};
		26772B0624B4B414003FB1A4 /* Colors */ = {
			isa = PBXGroup;
			children = (
				26772B0324B4ADDF003FB1A4 /* DefaultStyle.swift */,
				26772B0724B4B428003FB1A4 /* PlanningColorScheme.swift */,
				26772B0924B4B438003FB1A4 /* RetroColorScheme.swift */,
			);
			path = Colors;
			sourceTree = "<group>";
		};
		269F530224B83C9900EEC682 /* Networking */ = {
			isa = PBXGroup;
			children = (
				269F557324BC2D4A00EEC682 /* URLCenter.swift */,
				269F530324B83CAA00EEC682 /* MambaNetworking.swift */,
				2661E01C24BC931C00D46119 /* WebSocketHandler.swift */,
				269F557724BC2FF500EEC682 /* NetworkEnvironment */,
				2661E01024BC5ED500D46119 /* Commands */,
			);
			path = Networking;
			sourceTree = "<group>";
		};
		269F557724BC2FF500EEC682 /* NetworkEnvironment */ = {
			isa = PBXGroup;
			children = (
				269F557824BC300600EEC682 /* NetworkEnvironment.swift */,
				269F557A24BC301600EEC682 /* LocalNetworkEnvironment.swift */,
				269F557C24BC302500EEC682 /* DevelopmentNetworkEnvironment.swift */,
			);
			path = NetworkEnvironment;
			sourceTree = "<group>";
		};
		ED38EABD24AE5C3800564F85 /* Extensions */ = {
			isa = PBXGroup;
			children = (
				ED38EABE24AE5C4800564F85 /* Array+Extensions.swift */,
				269F557524BC2EF300EEC682 /* URLCenter+Planning.swift */,
			);
			path = Extensions;
			sourceTree = "<group>";
		};
		ED38EAC124AE604300564F85 /* Planning */ = {
			isa = PBXGroup;
			children = (
				ED38EAC324AE605E00564F85 /* Join */,
				ED38EAC224AE605800564F85 /* Host */,
			);
			path = Planning;
			sourceTree = "<group>";
		};
		ED38EAC224AE605800564F85 /* Host */ = {
			isa = PBXGroup;
			children = (
				26018A2224B49C2300C8B268 /* Setup */,
			);
			path = Host;
			sourceTree = "<group>";
		};
		ED38EAC324AE605E00564F85 /* Join */ = {
			isa = PBXGroup;
			children = (
				ED38EAC724AE607800564F85 /* Views */,
			);
			path = Join;
			sourceTree = "<group>";
		};
		ED38EAC424AE606B00564F85 /* Views */ = {
			isa = PBXGroup;
			children = (
				ED38EACC24AE60A800564F85 /* PlanningHostSetupView.swift */,
			);
			path = Views;
			sourceTree = "<group>";
		};
		ED38EAC524AE606F00564F85 /* ViewModels */ = {
			isa = PBXGroup;
			children = (
				26772AF524B4A4DC003FB1A4 /* PlanningHostSetupViewModel.swift */,
			);
			name = ViewModels;
			path = ../ViewModels;
			sourceTree = "<group>";
		};
		ED38EAC724AE607800564F85 /* Views */ = {
			isa = PBXGroup;
			children = (
				ED38EACE24AE60B300564F85 /* PlanningJoinView.swift */,
			);
			path = Views;
			sourceTree = "<group>";
		};
		ED38EAD024AE640600564F85 /* Navigation */ = {
			isa = PBXGroup;
			children = (
				ED38EAD324AE643500564F85 /* NavigationStack.swift */,
				ED38EAD524AE64EC00564F85 /* NavigationHost.swift */,
			);
			path = Navigation;
			sourceTree = "<group>";
		};
		ED9D447924AE4BDB00034216 /* Landing */ = {
			isa = PBXGroup;
			children = (
				ED9D447E24AE4BFE00034216 /* Views */,
				ED9D447D24AE4BF400034216 /* ViewModels */,
				ED9D447C24AE4BED00034216 /* Models */,
			);
			path = Landing;
			sourceTree = "<group>";
		};
		ED9D447C24AE4BED00034216 /* Models */ = {
			isa = PBXGroup;
			children = (
				ED9D447A24AE4BEA00034216 /* LandingItem.swift */,
			);
			path = Models;
			sourceTree = "<group>";
		};
		ED9D447D24AE4BF400034216 /* ViewModels */ = {
			isa = PBXGroup;
			children = (
				ED9D448224AE4C9100034216 /* LandingViewModel.swift */,
			);
			path = ViewModels;
			sourceTree = "<group>";
		};
		ED9D447E24AE4BFE00034216 /* Views */ = {
			isa = PBXGroup;
			children = (
				261E1ED624A48AB700937D89 /* LandingView.swift */,
				ED9D448424AE4DC800034216 /* LandingItemView.swift */,
			);
			path = Views;
			sourceTree = "<group>";
		};
		ED9D448624AE51F600034216 /* Resources */ = {
			isa = PBXGroup;
			children = (
				261E1ED824A48ABA00937D89 /* Assets.xcassets */,
				ED9D447724AE4AEA00034216 /* Localizable.strings */,
			);
			path = Resources;
			sourceTree = "<group>";
		};
/* End PBXGroup section */

/* Begin PBXNativeTarget section */
		261E1ECE24A48AB600937D89 /* mamba */ = {
			isa = PBXNativeTarget;
			buildConfigurationList = 261E1EF924A48ABA00937D89 /* Build configuration list for PBXNativeTarget "mamba" */;
			buildPhases = (
				261E1ECB24A48AB600937D89 /* Sources */,
				261E1ECC24A48AB600937D89 /* Frameworks */,
				261E1ECD24A48AB600937D89 /* Resources */,
			);
			buildRules = (
			);
			dependencies = (
			);
			name = mamba;
			productName = mamba;
			productReference = 261E1ECF24A48AB600937D89 /* Mamba.app */;
			productType = "com.apple.product-type.application";
		};
		261E1EE424A48ABA00937D89 /* mambaTests */ = {
			isa = PBXNativeTarget;
			buildConfigurationList = 261E1EFC24A48ABA00937D89 /* Build configuration list for PBXNativeTarget "mambaTests" */;
			buildPhases = (
				261E1EE124A48ABA00937D89 /* Sources */,
				261E1EE224A48ABA00937D89 /* Frameworks */,
				261E1EE324A48ABA00937D89 /* Resources */,
			);
			buildRules = (
			);
			dependencies = (
				261E1EE724A48ABA00937D89 /* PBXTargetDependency */,
			);
			name = mambaTests;
			productName = mambaTests;
			productReference = 261E1EE524A48ABA00937D89 /* mambaTests.xctest */;
			productType = "com.apple.product-type.bundle.unit-test";
		};
		261E1EEF24A48ABA00937D89 /* mambaUITests */ = {
			isa = PBXNativeTarget;
			buildConfigurationList = 261E1EFF24A48ABA00937D89 /* Build configuration list for PBXNativeTarget "mambaUITests" */;
			buildPhases = (
				261E1EEC24A48ABA00937D89 /* Sources */,
				261E1EED24A48ABA00937D89 /* Frameworks */,
				261E1EEE24A48ABA00937D89 /* Resources */,
			);
			buildRules = (
			);
			dependencies = (
				261E1EF224A48ABA00937D89 /* PBXTargetDependency */,
			);
			name = mambaUITests;
			productName = mambaUITests;
			productReference = 261E1EF024A48ABA00937D89 /* mambaUITests.xctest */;
			productType = "com.apple.product-type.bundle.ui-testing";
		};
/* End PBXNativeTarget section */

/* Begin PBXProject section */
		261E1EC724A48AB600937D89 /* Project object */ = {
			isa = PBXProject;
			attributes = {
				LastSwiftUpdateCheck = 1150;
				LastUpgradeCheck = 1150;
				ORGANIZATIONNAME = "Armand Kamffer";
				TargetAttributes = {
					261E1ECE24A48AB600937D89 = {
						CreatedOnToolsVersion = 11.5;
					};
					261E1EE424A48ABA00937D89 = {
						CreatedOnToolsVersion = 11.5;
						TestTargetID = 261E1ECE24A48AB600937D89;
					};
					261E1EEF24A48ABA00937D89 = {
						CreatedOnToolsVersion = 11.5;
						TestTargetID = 261E1ECE24A48AB600937D89;
					};
				};
			};
			buildConfigurationList = 261E1ECA24A48AB600937D89 /* Build configuration list for PBXProject "mamba" */;
			compatibilityVersion = "Xcode 9.3";
			developmentRegion = en;
			hasScannedForEncodings = 0;
			knownRegions = (
				en,
				Base,
			);
			mainGroup = 261E1EC624A48AB600937D89;
			productRefGroup = 261E1ED024A48AB600937D89 /* Products */;
			projectDirPath = "";
			projectRoot = "";
			targets = (
				261E1ECE24A48AB600937D89 /* mamba */,
				261E1EE424A48ABA00937D89 /* mambaTests */,
				261E1EEF24A48ABA00937D89 /* mambaUITests */,
			);
		};
/* End PBXProject section */

/* Begin PBXResourcesBuildPhase section */
		261E1ECD24A48AB600937D89 /* Resources */ = {
			isa = PBXResourcesBuildPhase;
			buildActionMask = 2147483647;
			files = (
				261E1EDF24A48ABA00937D89 /* LaunchScreen.storyboard in Resources */,
				ED9D447824AE4AEA00034216 /* Localizable.strings in Resources */,
				261E1EDC24A48ABA00937D89 /* Preview Assets.xcassets in Resources */,
				261E1ED924A48ABA00937D89 /* Assets.xcassets in Resources */,
			);
			runOnlyForDeploymentPostprocessing = 0;
		};
		261E1EE324A48ABA00937D89 /* Resources */ = {
			isa = PBXResourcesBuildPhase;
			buildActionMask = 2147483647;
			files = (
			);
			runOnlyForDeploymentPostprocessing = 0;
		};
		261E1EEE24A48ABA00937D89 /* Resources */ = {
			isa = PBXResourcesBuildPhase;
			buildActionMask = 2147483647;
			files = (
			);
			runOnlyForDeploymentPostprocessing = 0;
		};
/* End PBXResourcesBuildPhase section */

/* Begin PBXSourcesBuildPhase section */
		261E1ECB24A48AB600937D89 /* Sources */ = {
			isa = PBXSourcesBuildPhase;
			buildActionMask = 2147483647;
			files = (
				2661E01724BC818600D46119 /* SetupSessionCommand.swift in Sources */,
				26772AF624B4A4DC003FB1A4 /* PlanningHostSetupViewModel.swift in Sources */,
				269F557D24BC302500EEC682 /* DevelopmentNetworkEnvironment.swift in Sources */,
				ED9D447B24AE4BEA00034216 /* LandingItem.swift in Sources */,
				26772B0224B4ACC4003FB1A4 /* ClearableTextField.swift in Sources */,
				2661E01D24BC931C00D46119 /* WebSocketHandler.swift in Sources */,
				ED38EAD624AE64EC00564F85 /* NavigationHost.swift in Sources */,
				ED38EACF24AE60B300564F85 /* PlanningJoinView.swift in Sources */,
				2661E01924BC81CB00D46119 /* PlanningJoinCommand.swift in Sources */,
				26772B0A24B4B438003FB1A4 /* RetroColorScheme.swift in Sources */,
				269F557B24BC301600EEC682 /* LocalNetworkEnvironment.swift in Sources */,
				26772AFA24B4A66D003FB1A4 /* ClearableTextFieldStyle.swift in Sources */,
				269F557424BC2D4A00EEC682 /* URLCenter.swift in Sources */,
				ED9D448524AE4DC800034216 /* LandingItemView.swift in Sources */,
				269F557924BC300600EEC682 /* NetworkEnvironment.swift in Sources */,
				26772B0824B4B428003FB1A4 /* PlanningColorScheme.swift in Sources */,
				ED38EACD24AE60A900564F85 /* PlanningHostSetupView.swift in Sources */,
				26772AFD24B4AA04003FB1A4 /* ClearButton.swift in Sources */,
				ED9D448824AE54F800034216 /* ContentView.swift in Sources */,
				ED38EABF24AE5C4800564F85 /* Array+Extensions.swift in Sources */,
				ED9D448324AE4C9100034216 /* LandingViewModel.swift in Sources */,
				2661E01224BC5F0400D46119 /* PlanningHostCommand.swift in Sources */,
				269F530424B83CAA00EEC682 /* MambaNetworking.swift in Sources */,
				261E1ED324A48AB600937D89 /* AppDelegate.swift in Sources */,
				261E1ED524A48AB700937D89 /* SceneDelegate.swift in Sources */,
				26772B0424B4ADDF003FB1A4 /* DefaultStyle.swift in Sources */,
				269F557624BC2EF300EEC682 /* URLCenter+Planning.swift in Sources */,
				ED38EAD424AE643500564F85 /* NavigationStack.swift in Sources */,
				261E1ED724A48AB700937D89 /* LandingView.swift in Sources */,
			);
			runOnlyForDeploymentPostprocessing = 0;
		};
		261E1EE124A48ABA00937D89 /* Sources */ = {
			isa = PBXSourcesBuildPhase;
			buildActionMask = 2147483647;
			files = (
				261E1EEA24A48ABA00937D89 /* mambaTests.swift in Sources */,
			);
			runOnlyForDeploymentPostprocessing = 0;
		};
		261E1EEC24A48ABA00937D89 /* Sources */ = {
			isa = PBXSourcesBuildPhase;
			buildActionMask = 2147483647;
			files = (
				261E1EF524A48ABA00937D89 /* mambaUITests.swift in Sources */,
			);
			runOnlyForDeploymentPostprocessing = 0;
		};
/* End PBXSourcesBuildPhase section */

/* Begin PBXTargetDependency section */
		261E1EE724A48ABA00937D89 /* PBXTargetDependency */ = {
			isa = PBXTargetDependency;
			target = 261E1ECE24A48AB600937D89 /* mamba */;
			targetProxy = 261E1EE624A48ABA00937D89 /* PBXContainerItemProxy */;
		};
		261E1EF224A48ABA00937D89 /* PBXTargetDependency */ = {
			isa = PBXTargetDependency;
			target = 261E1ECE24A48AB600937D89 /* mamba */;
			targetProxy = 261E1EF124A48ABA00937D89 /* PBXContainerItemProxy */;
		};
/* End PBXTargetDependency section */

/* Begin PBXVariantGroup section */
		261E1EDD24A48ABA00937D89 /* LaunchScreen.storyboard */ = {
			isa = PBXVariantGroup;
			children = (
				261E1EDE24A48ABA00937D89 /* Base */,
			);
			name = LaunchScreen.storyboard;
			sourceTree = "<group>";
		};
/* End PBXVariantGroup section */

/* Begin XCBuildConfiguration section */
		261E1EF724A48ABA00937D89 /* Debug */ = {
			isa = XCBuildConfiguration;
			buildSettings = {
				ALWAYS_SEARCH_USER_PATHS = NO;
				CLANG_ANALYZER_NONNULL = YES;
				CLANG_ANALYZER_NUMBER_OBJECT_CONVERSION = YES_AGGRESSIVE;
				CLANG_CXX_LANGUAGE_STANDARD = "gnu++14";
				CLANG_CXX_LIBRARY = "libc++";
				CLANG_ENABLE_MODULES = YES;
				CLANG_ENABLE_OBJC_ARC = YES;
				CLANG_ENABLE_OBJC_WEAK = YES;
				CLANG_WARN_BLOCK_CAPTURE_AUTORELEASING = YES;
				CLANG_WARN_BOOL_CONVERSION = YES;
				CLANG_WARN_COMMA = YES;
				CLANG_WARN_CONSTANT_CONVERSION = YES;
				CLANG_WARN_DEPRECATED_OBJC_IMPLEMENTATIONS = YES;
				CLANG_WARN_DIRECT_OBJC_ISA_USAGE = YES_ERROR;
				CLANG_WARN_DOCUMENTATION_COMMENTS = YES;
				CLANG_WARN_EMPTY_BODY = YES;
				CLANG_WARN_ENUM_CONVERSION = YES;
				CLANG_WARN_INFINITE_RECURSION = YES;
				CLANG_WARN_INT_CONVERSION = YES;
				CLANG_WARN_NON_LITERAL_NULL_CONVERSION = YES;
				CLANG_WARN_OBJC_IMPLICIT_RETAIN_SELF = YES;
				CLANG_WARN_OBJC_LITERAL_CONVERSION = YES;
				CLANG_WARN_OBJC_ROOT_CLASS = YES_ERROR;
				CLANG_WARN_RANGE_LOOP_ANALYSIS = YES;
				CLANG_WARN_STRICT_PROTOTYPES = YES;
				CLANG_WARN_SUSPICIOUS_MOVE = YES;
				CLANG_WARN_UNGUARDED_AVAILABILITY = YES_AGGRESSIVE;
				CLANG_WARN_UNREACHABLE_CODE = YES;
				CLANG_WARN__DUPLICATE_METHOD_MATCH = YES;
				COPY_PHASE_STRIP = NO;
				DEBUG_INFORMATION_FORMAT = dwarf;
				ENABLE_STRICT_OBJC_MSGSEND = YES;
				ENABLE_TESTABILITY = YES;
				GCC_C_LANGUAGE_STANDARD = gnu11;
				GCC_DYNAMIC_NO_PIC = NO;
				GCC_NO_COMMON_BLOCKS = YES;
				GCC_OPTIMIZATION_LEVEL = 0;
				GCC_PREPROCESSOR_DEFINITIONS = (
					"DEBUG=1",
					"$(inherited)",
				);
				GCC_WARN_64_TO_32_BIT_CONVERSION = YES;
				GCC_WARN_ABOUT_RETURN_TYPE = YES_ERROR;
				GCC_WARN_UNDECLARED_SELECTOR = YES;
				GCC_WARN_UNINITIALIZED_AUTOS = YES_AGGRESSIVE;
				GCC_WARN_UNUSED_FUNCTION = YES;
				GCC_WARN_UNUSED_VARIABLE = YES;
				IPHONEOS_DEPLOYMENT_TARGET = 13.5;
				MTL_ENABLE_DEBUG_INFO = INCLUDE_SOURCE;
				MTL_FAST_MATH = YES;
				ONLY_ACTIVE_ARCH = YES;
				SDKROOT = iphoneos;
				SWIFT_ACTIVE_COMPILATION_CONDITIONS = DEBUG;
				SWIFT_OPTIMIZATION_LEVEL = "-Onone";
			};
			name = Debug;
		};
		261E1EF824A48ABA00937D89 /* Release */ = {
			isa = XCBuildConfiguration;
			buildSettings = {
				ALWAYS_SEARCH_USER_PATHS = NO;
				CLANG_ANALYZER_NONNULL = YES;
				CLANG_ANALYZER_NUMBER_OBJECT_CONVERSION = YES_AGGRESSIVE;
				CLANG_CXX_LANGUAGE_STANDARD = "gnu++14";
				CLANG_CXX_LIBRARY = "libc++";
				CLANG_ENABLE_MODULES = YES;
				CLANG_ENABLE_OBJC_ARC = YES;
				CLANG_ENABLE_OBJC_WEAK = YES;
				CLANG_WARN_BLOCK_CAPTURE_AUTORELEASING = YES;
				CLANG_WARN_BOOL_CONVERSION = YES;
				CLANG_WARN_COMMA = YES;
				CLANG_WARN_CONSTANT_CONVERSION = YES;
				CLANG_WARN_DEPRECATED_OBJC_IMPLEMENTATIONS = YES;
				CLANG_WARN_DIRECT_OBJC_ISA_USAGE = YES_ERROR;
				CLANG_WARN_DOCUMENTATION_COMMENTS = YES;
				CLANG_WARN_EMPTY_BODY = YES;
				CLANG_WARN_ENUM_CONVERSION = YES;
				CLANG_WARN_INFINITE_RECURSION = YES;
				CLANG_WARN_INT_CONVERSION = YES;
				CLANG_WARN_NON_LITERAL_NULL_CONVERSION = YES;
				CLANG_WARN_OBJC_IMPLICIT_RETAIN_SELF = YES;
				CLANG_WARN_OBJC_LITERAL_CONVERSION = YES;
				CLANG_WARN_OBJC_ROOT_CLASS = YES_ERROR;
				CLANG_WARN_RANGE_LOOP_ANALYSIS = YES;
				CLANG_WARN_STRICT_PROTOTYPES = YES;
				CLANG_WARN_SUSPICIOUS_MOVE = YES;
				CLANG_WARN_UNGUARDED_AVAILABILITY = YES_AGGRESSIVE;
				CLANG_WARN_UNREACHABLE_CODE = YES;
				CLANG_WARN__DUPLICATE_METHOD_MATCH = YES;
				COPY_PHASE_STRIP = NO;
				DEBUG_INFORMATION_FORMAT = "dwarf-with-dsym";
				ENABLE_NS_ASSERTIONS = NO;
				ENABLE_STRICT_OBJC_MSGSEND = YES;
				GCC_C_LANGUAGE_STANDARD = gnu11;
				GCC_NO_COMMON_BLOCKS = YES;
				GCC_WARN_64_TO_32_BIT_CONVERSION = YES;
				GCC_WARN_ABOUT_RETURN_TYPE = YES_ERROR;
				GCC_WARN_UNDECLARED_SELECTOR = YES;
				GCC_WARN_UNINITIALIZED_AUTOS = YES_AGGRESSIVE;
				GCC_WARN_UNUSED_FUNCTION = YES;
				GCC_WARN_UNUSED_VARIABLE = YES;
				IPHONEOS_DEPLOYMENT_TARGET = 13.5;
				MTL_ENABLE_DEBUG_INFO = NO;
				MTL_FAST_MATH = YES;
				SDKROOT = iphoneos;
				SWIFT_COMPILATION_MODE = wholemodule;
				SWIFT_OPTIMIZATION_LEVEL = "-O";
				VALIDATE_PRODUCT = YES;
			};
			name = Release;
		};
		261E1EFA24A48ABA00937D89 /* Debug */ = {
			isa = XCBuildConfiguration;
			buildSettings = {
				ASSETCATALOG_COMPILER_APPICON_NAME = AppIcon;
				CODE_SIGN_STYLE = Automatic;
				DEVELOPMENT_ASSET_PATHS = "\"mamba/Preview Content\"";
				DEVELOPMENT_TEAM = 47QLT56GDU;
				ENABLE_PREVIEWS = YES;
				INFOPLIST_FILE = mamba/Info.plist;
				LD_RUNPATH_SEARCH_PATHS = (
					"$(inherited)",
					"@executable_path/Frameworks",
				);
				MARKETING_VERSION = 0.0.2;
				PRODUCT_BUNDLE_IDENTIFIER = za.co.armandkamffer.mamba;
				PRODUCT_NAME = Mamba;
				SWIFT_VERSION = 5.0;
				TARGETED_DEVICE_FAMILY = "1,2";
			};
			name = Debug;
		};
		261E1EFB24A48ABA00937D89 /* Release */ = {
			isa = XCBuildConfiguration;
			buildSettings = {
				ASSETCATALOG_COMPILER_APPICON_NAME = AppIcon;
				CODE_SIGN_STYLE = Automatic;
				DEVELOPMENT_ASSET_PATHS = "\"mamba/Preview Content\"";
				DEVELOPMENT_TEAM = 47QLT56GDU;
				ENABLE_PREVIEWS = YES;
				INFOPLIST_FILE = mamba/Info.plist;
				LD_RUNPATH_SEARCH_PATHS = (
					"$(inherited)",
					"@executable_path/Frameworks",
				);
				MARKETING_VERSION = 0.0.2;
				PRODUCT_BUNDLE_IDENTIFIER = za.co.armandkamffer.mamba;
				PRODUCT_NAME = Mamba;
				SWIFT_VERSION = 5.0;
				TARGETED_DEVICE_FAMILY = "1,2";
			};
			name = Release;
		};
		261E1EFD24A48ABA00937D89 /* Debug */ = {
			isa = XCBuildConfiguration;
			buildSettings = {
				ALWAYS_EMBED_SWIFT_STANDARD_LIBRARIES = YES;
				BUNDLE_LOADER = "$(TEST_HOST)";
				CODE_SIGN_STYLE = Automatic;
				DEVELOPMENT_TEAM = 47QLT56GDU;
				INFOPLIST_FILE = mambaTests/Info.plist;
				IPHONEOS_DEPLOYMENT_TARGET = 13.5;
				LD_RUNPATH_SEARCH_PATHS = (
					"$(inherited)",
					"@executable_path/Frameworks",
					"@loader_path/Frameworks",
				);
				PRODUCT_BUNDLE_IDENTIFIER = za.co.armandkamffer.mambaTests;
				PRODUCT_NAME = "$(TARGET_NAME)";
				SWIFT_VERSION = 5.0;
				TARGETED_DEVICE_FAMILY = "1,2";
				TEST_HOST = "$(BUILT_PRODUCTS_DIR)/Mamba.app/Mamba";
			};
			name = Debug;
		};
		261E1EFE24A48ABA00937D89 /* Release */ = {
			isa = XCBuildConfiguration;
			buildSettings = {
				ALWAYS_EMBED_SWIFT_STANDARD_LIBRARIES = YES;
				BUNDLE_LOADER = "$(TEST_HOST)";
				CODE_SIGN_STYLE = Automatic;
				DEVELOPMENT_TEAM = 47QLT56GDU;
				INFOPLIST_FILE = mambaTests/Info.plist;
				IPHONEOS_DEPLOYMENT_TARGET = 13.5;
				LD_RUNPATH_SEARCH_PATHS = (
					"$(inherited)",
					"@executable_path/Frameworks",
					"@loader_path/Frameworks",
				);
				PRODUCT_BUNDLE_IDENTIFIER = za.co.armandkamffer.mambaTests;
				PRODUCT_NAME = "$(TARGET_NAME)";
				SWIFT_VERSION = 5.0;
				TARGETED_DEVICE_FAMILY = "1,2";
				TEST_HOST = "$(BUILT_PRODUCTS_DIR)/Mamba.app/Mamba";
			};
			name = Release;
		};
		261E1F0024A48ABA00937D89 /* Debug */ = {
			isa = XCBuildConfiguration;
			buildSettings = {
				ALWAYS_EMBED_SWIFT_STANDARD_LIBRARIES = YES;
				CODE_SIGN_STYLE = Automatic;
				DEVELOPMENT_TEAM = 47QLT56GDU;
				INFOPLIST_FILE = mambaUITests/Info.plist;
				LD_RUNPATH_SEARCH_PATHS = (
					"$(inherited)",
					"@executable_path/Frameworks",
					"@loader_path/Frameworks",
				);
				PRODUCT_BUNDLE_IDENTIFIER = za.co.armandkamffer.mambaUITests;
				PRODUCT_NAME = "$(TARGET_NAME)";
				SWIFT_VERSION = 5.0;
				TARGETED_DEVICE_FAMILY = "1,2";
				TEST_TARGET_NAME = mamba;
			};
			name = Debug;
		};
		261E1F0124A48ABA00937D89 /* Release */ = {
			isa = XCBuildConfiguration;
			buildSettings = {
				ALWAYS_EMBED_SWIFT_STANDARD_LIBRARIES = YES;
				CODE_SIGN_STYLE = Automatic;
				DEVELOPMENT_TEAM = 47QLT56GDU;
				INFOPLIST_FILE = mambaUITests/Info.plist;
				LD_RUNPATH_SEARCH_PATHS = (
					"$(inherited)",
					"@executable_path/Frameworks",
					"@loader_path/Frameworks",
				);
				PRODUCT_BUNDLE_IDENTIFIER = za.co.armandkamffer.mambaUITests;
				PRODUCT_NAME = "$(TARGET_NAME)";
				SWIFT_VERSION = 5.0;
				TARGETED_DEVICE_FAMILY = "1,2";
				TEST_TARGET_NAME = mamba;
			};
			name = Release;
		};
/* End XCBuildConfiguration section */

/* Begin XCConfigurationList section */
		261E1ECA24A48AB600937D89 /* Build configuration list for PBXProject "mamba" */ = {
			isa = XCConfigurationList;
			buildConfigurations = (
				261E1EF724A48ABA00937D89 /* Debug */,
				261E1EF824A48ABA00937D89 /* Release */,
			);
			defaultConfigurationIsVisible = 0;
			defaultConfigurationName = Release;
		};
		261E1EF924A48ABA00937D89 /* Build configuration list for PBXNativeTarget "mamba" */ = {
			isa = XCConfigurationList;
			buildConfigurations = (
				261E1EFA24A48ABA00937D89 /* Debug */,
				261E1EFB24A48ABA00937D89 /* Release */,
			);
			defaultConfigurationIsVisible = 0;
			defaultConfigurationName = Release;
		};
		261E1EFC24A48ABA00937D89 /* Build configuration list for PBXNativeTarget "mambaTests" */ = {
			isa = XCConfigurationList;
			buildConfigurations = (
				261E1EFD24A48ABA00937D89 /* Debug */,
				261E1EFE24A48ABA00937D89 /* Release */,
			);
			defaultConfigurationIsVisible = 0;
			defaultConfigurationName = Release;
		};
		261E1EFF24A48ABA00937D89 /* Build configuration list for PBXNativeTarget "mambaUITests" */ = {
			isa = XCConfigurationList;
			buildConfigurations = (
				261E1F0024A48ABA00937D89 /* Debug */,
				261E1F0124A48ABA00937D89 /* Release */,
			);
			defaultConfigurationIsVisible = 0;
			defaultConfigurationName = Release;
		};
/* End XCConfigurationList section */
	};
	rootObject = 261E1EC724A48AB600937D89 /* Project object */;
}
