{
  "object": {
    "pins": [
      {
        "package": "mamba-networking",
        "repositoryURL": "https://github.com/Operation-Winter/mamba-networking.git",
        "state": {
          "branch": null,
          "revision": "f456a944c06f00bb77b7012c4375276c65297fba",
          "version": "1.0.6"
        }
      }
    ]
  },
  "version": 1
}
