{
  "object": {
    "pins": [
      {
        "package": "mamba-networking",
        "repositoryURL": "https://github.com/Operation-Winter/mamba-networking.git",
        "state": {
          "branch": null,
          "revision": "f1c5dabdcf4bffd732b8d190de2936a8d975bde6",
          "version": "1.0.5"
        }
      }
    ]
  },
  "version": 1
}
