{
  "object": {
    "pins": [
      {
        "package": "mamba-networking",
        "repositoryURL": "https://github.com/Operation-Winter/mamba-networking.git",
        "state": {
          "branch": null,
          "revision": "97b606785dffe9df087ff83d59b5437ebbc9ef98",
          "version": "1.0.4"
        }
      }
    ]
  },
  "version": 1
}
